
Microsoft Visual Studio Solution File, Format Version 12.00
# Visual Studio Version 17
VisualStudioVersion = 17.8.34330.188
MinimumVisualStudioVersion = 10.0.40219.1
Project("{9A19103F-16F7-4668-BE54-9A1E7A4F7556}") = "Model", "Model\Model.csproj", "{FEDFB608-EB36-4548-AADF-AC5CC0050B42}"
EndProject
Project("{2150E333-8FDC-42A3-9474-1A3956D46DE8}") = "Solution Items", "Solution Items", "{56A37793-2BD2-450B-A3AA-3298D06D1E77}"
	ProjectSection(SolutionItems) = preProject
		.editorconfig = .editorconfig
	EndProjectSection
EndProject
Global
	GlobalSection(SolutionConfigurationPlatforms) = preSolution
		Debug|Any CPU = Debug|Any CPU
		Release|Any CPU = Release|Any CPU
	EndGlobalSection
	GlobalSection(ProjectConfigurationPlatforms) = postSolution
		{FEDFB608-EB36-4548-AADF-AC5CC0050B42}.Debug|Any CPU.ActiveCfg = Debug|Any CPU
		{FEDFB608-EB36-4548-AADF-AC5CC0050B42}.Debug|Any CPU.Build.0 = Debug|Any CPU
		{FEDFB608-EB36-4548-AADF-AC5CC0050B42}.Release|Any CPU.ActiveCfg = Release|Any CPU
		{FEDFB608-EB36-4548-AADF-AC5CC0050B42}.Release|Any CPU.Build.0 = Release|Any CPU
	EndGlobalSection
	GlobalSection(SolutionProperties) = preSolution
		HideSolutionNode = FALSE
	EndGlobalSection
	GlobalSection(ExtensibilityGlobals) = postSolution
		SolutionGuid = {AA3DF736-B2FC-4E38-AC74-F452470418BB}
	EndGlobalSection
EndGlobal
